github.com/RageCage64/multilinediff v0.2.0 h1:yNSpSF5NXIrmo6bRIgO4Q0g7SXqFD4j/WEcBE+BdCFY=
github.com/RageCage64/multilinediff v0.2.0/go.mod h1:pKr+KLgP0gvRzA+yv0/IUaYQuBYN1ucWysvsL58aMP0=
github.com/bmatcuk/doublestar/v4 v4.0.2/go.mod h1:xBQ8jztBU6kakFMg+8WGxn0c6z1fTSPVIjEY1Wr7jzc=
github.com/bmatcuk/doublestar/v4 v4.6.0 h1:HTuxyug8GyFbRkrffIpzNCSK4luc0TY3wzXvzIZhEXc=
github.com/bmatcuk/doublestar/v4 v4.6.0/go.mod h1:xBQ8jztBU6kakFMg+8WGxn0c6z1fTSPVIjEY1Wr7jzc=
github.com/google/addlicense v1.1.2-0.20230613212346-b10ac1c1284a h1:X1A2En0g/B4n2aHAonVII3tbY9Cpq77twdiOmxKNXA4=
github.com/google/addlicense v1.1.2-0.20230613212346-b10ac1c1284a/go.mod h1:Sm/DHu7Jk+T5miFHHehdIjbi4M5+dJDRS3Cq0rncIxA=
github.com/google/go-cmp v0.5.9 h1:O2Tfq5qg4qc4AmwVlvv0oLiVAGB7enBSJ2x2DqQFi38=
github.com/google/go-cmp v0.5.9/go.mod h1:17dUlkBOakJ0+DkrSSNjCkIjxS6bF9zb3elmeNGIjoY=
github.com/google/yamlfmt v0.9.0 h1:spfe6s8BvtplRZ2kDB61PYmqKWEz1vy9GsNg3ltDYvA=
github.com/google/yamlfmt v0.9.0/go.mod h1:jW0ice5/S1EBCHhIV9rkGVfUjyCXD1cTlddkKwI8TKo=
golang.org/x/sync v0.0.0-20190911185100-cd5d95a43a6e/go.mod h1:RxMgew5VJxzue5/jJTE5uejpjVlOe/izrB70Jof72aM=
golang.org/x/sync v0.3.0 h1:ftCYgMx6zT/asHUrPw8BLLscYtGznsLAnjq5RH9P66E=
golang.org/x/sync v0.3.0/go.mod h1:FU7BRWz2tNW+3quACPkgCx/L+uEAv1htQ0V83Z9Rj+Y=
